// !$*UTF8*$!
{
	archiveVersion = 1;
	classes = {
	};
	objectVersion = 46;
	objects = {

/* Begin PBXBuildFile section */
		370E9AB71F2AA8B1008EF197 /* FilterItemView.swift in Sources */ = {isa = PBXBuildFile; fileRef = 370E9AB61F2AA8B1008EF197 /* FilterItemView.swift */; };
		370E9AB91F2AB031008EF197 /* GlobalEnums_and_Struct.swift in Sources */ = {isa = PBXBuildFile; fileRef = 370E9AB81F2AB031008EF197 /* GlobalEnums_and_Struct.swift */; };
		370E9ABB1F2AF204008EF197 /* RepeatedItemCoordinator.swift in Sources */ = {isa = PBXBuildFile; fileRef = 370E9ABA1F2AF204008EF197 /* RepeatedItemCoordinator.swift */; };
		370E9AD61F2B786D008EF197 /* WarehouseGroceryItems+CoreDataClass.swift in Sources */ = {isa = PBXBuildFile; fileRef = 370E9AD01F2B786D008EF197 /* WarehouseGroceryItems+CoreDataClass.swift */; };
		370E9AD71F2B786D008EF197 /* WarehouseGroceryItems+CoreDataProperties.swift in Sources */ = {isa = PBXBuildFile; fileRef = 370E9AD11F2B786D008EF197 /* WarehouseGroceryItems+CoreDataProperties.swift */; };
		370E9AD81F2B786D008EF197 /* GroceryItem+CoreDataClass.swift in Sources */ = {isa = PBXBuildFile; fileRef = 370E9AD21F2B786D008EF197 /* GroceryItem+CoreDataClass.swift */; };
		370E9ADA1F2B786D008EF197 /* ShoppingList+CoreDataClass.swift in Sources */ = {isa = PBXBuildFile; fileRef = 370E9AD41F2B786D008EF197 /* ShoppingList+CoreDataClass.swift */; };
		370E9ADB1F2B786D008EF197 /* ShoppingList+CoreDataProperties.swift in Sources */ = {isa = PBXBuildFile; fileRef = 370E9AD51F2B786D008EF197 /* ShoppingList+CoreDataProperties.swift */; };
		370E9ADE1F2B7A70008EF197 /* CoreDataUtility.swift in Sources */ = {isa = PBXBuildFile; fileRef = 370E9ADD1F2B7A70008EF197 /* CoreDataUtility.swift */; };
		370E9AE01F2B7C56008EF197 /* CloneItemToWarehouse.swift in Sources */ = {isa = PBXBuildFile; fileRef = 370E9ADF1F2B7C56008EF197 /* CloneItemToWarehouse.swift */; };
		372B45841F3D5B65001BD1C7 /* LocalCacheOfCloudKitTests.swift in Sources */ = {isa = PBXBuildFile; fileRef = 372B45831F3D5B65001BD1C7 /* LocalCacheOfCloudKitTests.swift */; };
		372B45861F3F2C9C001BD1C7 /* CoreDataHelper.swift in Sources */ = {isa = PBXBuildFile; fileRef = 372B45851F3F2C9C001BD1C7 /* CoreDataHelper.swift */; };
		372B458A1F3F6639001BD1C7 /* GroceryItem+CoreDataProperties.swift in Sources */ = {isa = PBXBuildFile; fileRef = 372B45881F3F6639001BD1C7 /* GroceryItem+CoreDataProperties.swift */; };
		3746AC441F23E46500D1B988 /* CoreDataStack.swift in Sources */ = {isa = PBXBuildFile; fileRef = 3746AC431F23E46500D1B988 /* CoreDataStack.swift */; };
		3746AC481F24094500D1B988 /* AddNewItemView.swift in Sources */ = {isa = PBXBuildFile; fileRef = 3746AC471F24094500D1B988 /* AddNewItemView.swift */; };
		3746AC4A1F240B8400D1B988 /* Extensions.swift in Sources */ = {isa = PBXBuildFile; fileRef = 3746AC491F240B8400D1B988 /* Extensions.swift */; };
		3746AC4C1F241DEE00D1B988 /* ShoppingListTableViewController.swift in Sources */ = {isa = PBXBuildFile; fileRef = 3746AC4B1F241DEE00D1B988 /* ShoppingListTableViewController.swift */; };
		3746AC4E1F242EC200D1B988 /* GroceryItemsTableViewController.swift in Sources */ = {isa = PBXBuildFile; fileRef = 3746AC4D1F242EC200D1B988 /* GroceryItemsTableViewController.swift */; };
		3746AD2E1F292F0E00D1B988 /* TaskItemCell.swift in Sources */ = {isa = PBXBuildFile; fileRef = 3746AD2D1F292F0E00D1B988 /* TaskItemCell.swift */; };
		3746AD321F2987EB00D1B988 /* ItemDetailsTableViewController.swift in Sources */ = {isa = PBXBuildFile; fileRef = 3746AD311F2987EB00D1B988 /* ItemDetailsTableViewController.swift */; };
		37760C2B1F2F7AD600A3B586 /* CloudKit.framework in Frameworks */ = {isa = PBXBuildFile; fileRef = 37760C2A1F2F7AD600A3B586 /* CloudKit.framework */; };
		37760C2D1F2F7B6C00A3B586 /* CloudKitSyncTests.swift in Sources */ = {isa = PBXBuildFile; fileRef = 37760C2C1F2F7B6C00A3B586 /* CloudKitSyncTests.swift */; };
		37760C301F2F7D2500A3B586 /* CloudKitService.swift in Sources */ = {isa = PBXBuildFile; fileRef = 37760C2F1F2F7D2500A3B586 /* CloudKitService.swift */; };
		37760C321F2FB61900A3B586 /* CloudKitUtil.swift in Sources */ = {isa = PBXBuildFile; fileRef = 37760C311F2FB61900A3B586 /* CloudKitUtil.swift */; };
		37760C3B1F340F0F00A3B586 /* ChangeToken+CoreDataClass.swift in Sources */ = {isa = PBXBuildFile; fileRef = 37760C391F340F0F00A3B586 /* ChangeToken+CoreDataClass.swift */; };
		37760C3C1F340F0F00A3B586 /* ChangeToken+CoreDataProperties.swift in Sources */ = {isa = PBXBuildFile; fileRef = 37760C3A1F340F0F00A3B586 /* ChangeToken+CoreDataProperties.swift */; };
		3780F8491F34FD9B00FF4085 /* CloudKitHelpersScratchPad.swift in Sources */ = {isa = PBXBuildFile; fileRef = 3780F8481F34FD9B00FF4085 /* CloudKitHelpersScratchPad.swift */; };
		378E97511F23B2F900C526D9 /* AppDelegate.swift in Sources */ = {isa = PBXBuildFile; fileRef = 378E97501F23B2F900C526D9 /* AppDelegate.swift */; };
		378E97561F23B2F900C526D9 /* Main.storyboard in Resources */ = {isa = PBXBuildFile; fileRef = 378E97541F23B2F900C526D9 /* Main.storyboard */; };
		378E97591F23B2F900C526D9 /* iShoppingList.xcdatamodeld in Sources */ = {isa = PBXBuildFile; fileRef = 378E97571F23B2F900C526D9 /* iShoppingList.xcdatamodeld */; };
		378E975B1F23B2F900C526D9 /* Assets.xcassets in Resources */ = {isa = PBXBuildFile; fileRef = 378E975A1F23B2F900C526D9 /* Assets.xcassets */; };
		378E975E1F23B2F900C526D9 /* LaunchScreen.storyboard in Resources */ = {isa = PBXBuildFile; fileRef = 378E975C1F23B2F900C526D9 /* LaunchScreen.storyboard */; };
		378E97691F23B2F900C526D9 /* iShoppingListTests.swift in Sources */ = {isa = PBXBuildFile; fileRef = 378E97681F23B2F900C526D9 /* iShoppingListTests.swift */; };
		378E97741F23B2F900C526D9 /* iShoppingListUITests.swift in Sources */ = {isa = PBXBuildFile; fileRef = 378E97731F23B2F900C526D9 /* iShoppingListUITests.swift */; };
		378E97821F23B3AD00C526D9 /* ManagedObjectType.swift in Sources */ = {isa = PBXBuildFile; fileRef = 378E97811F23B3AD00C526D9 /* ManagedObjectType.swift */; };
		378E97841F23B47F00C526D9 /* TableViewDataSource.swift in Sources */ = {isa = PBXBuildFile; fileRef = 378E97831F23B47F00C526D9 /* TableViewDataSource.swift */; };
		378E97861F23B54600C526D9 /* FetchedResultsProvider.swift in Sources */ = {isa = PBXBuildFile; fileRef = 378E97851F23B54600C526D9 /* FetchedResultsProvider.swift */; };
		378EE8A21F2CB819008F5669 /* ShoppingListCell.swift in Sources */ = {isa = PBXBuildFile; fileRef = 378EE8A11F2CB819008F5669 /* ShoppingListCell.swift */; };
/* End PBXBuildFile section */

/* Begin PBXContainerItemProxy section */
		378E97651F23B2F900C526D9 /* PBXContainerItemProxy */ = {
			isa = PBXContainerItemProxy;
			containerPortal = 378E97451F23B2F900C526D9 /* Project object */;
			proxyType = 1;
			remoteGlobalIDString = 378E974C1F23B2F900C526D9;
			remoteInfo = iShoppingList;
		};
		378E97701F23B2F900C526D9 /* PBXContainerItemProxy */ = {
			isa = PBXContainerItemProxy;
			containerPortal = 378E97451F23B2F900C526D9 /* Project object */;
			proxyType = 1;
			remoteGlobalIDString = 378E974C1F23B2F900C526D9;
			remoteInfo = iShoppingList;
		};
/* End PBXContainerItemProxy section */

/* Begin PBXCopyFilesBuildPhase section */
		3751431B1F2F481C00C6D93E /* CopyFiles */ = {
			isa = PBXCopyFilesBuildPhase;
			buildActionMask = 2147483647;
			dstPath = "";
			dstSubfolderSpec = 10;
			files = (
			);
			runOnlyForDeploymentPostprocessing = 0;
		};
/* End PBXCopyFilesBuildPhase section */

/* Begin PBXFileReference section */
		370E9AB61F2AA8B1008EF197 /* FilterItemView.swift */ = {isa = PBXFileReference; fileEncoding = 4; lastKnownFileType = sourcecode.swift; path = FilterItemView.swift; sourceTree = "<group>"; };
		370E9AB81F2AB031008EF197 /* GlobalEnums_and_Struct.swift */ = {isa = PBXFileReference; fileEncoding = 4; lastKnownFileType = sourcecode.swift; path = GlobalEnums_and_Struct.swift; sourceTree = "<group>"; };
		370E9ABA1F2AF204008EF197 /* RepeatedItemCoordinator.swift */ = {isa = PBXFileReference; fileEncoding = 4; lastKnownFileType = sourcecode.swift; path = RepeatedItemCoordinator.swift; sourceTree = "<group>"; };
		370E9AD01F2B786D008EF197 /* WarehouseGroceryItems+CoreDataClass.swift */ = {isa = PBXFileReference; fileEncoding = 4; lastKnownFileType = sourcecode.swift; path = "WarehouseGroceryItems+CoreDataClass.swift"; sourceTree = "<group>"; };
		370E9AD11F2B786D008EF197 /* WarehouseGroceryItems+CoreDataProperties.swift */ = {isa = PBXFileReference; fileEncoding = 4; lastKnownFileType = sourcecode.swift; path = "WarehouseGroceryItems+CoreDataProperties.swift"; sourceTree = "<group>"; };
		370E9AD21F2B786D008EF197 /* GroceryItem+CoreDataClass.swift */ = {isa = PBXFileReference; fileEncoding = 4; lastKnownFileType = sourcecode.swift; path = "GroceryItem+CoreDataClass.swift"; sourceTree = "<group>"; };
		370E9AD41F2B786D008EF197 /* ShoppingList+CoreDataClass.swift */ = {isa = PBXFileReference; fileEncoding = 4; lastKnownFileType = sourcecode.swift; path = "ShoppingList+CoreDataClass.swift"; sourceTree = "<group>"; };
		370E9AD51F2B786D008EF197 /* ShoppingList+CoreDataProperties.swift */ = {isa = PBXFileReference; fileEncoding = 4; lastKnownFileType = sourcecode.swift; path = "ShoppingList+CoreDataProperties.swift"; sourceTree = "<group>"; };
		370E9ADD1F2B7A70008EF197 /* CoreDataUtility.swift */ = {isa = PBXFileReference; fileEncoding = 4; lastKnownFileType = sourcecode.swift; path = CoreDataUtility.swift; sourceTree = "<group>"; };
		370E9ADF1F2B7C56008EF197 /* CloneItemToWarehouse.swift */ = {isa = PBXFileReference; fileEncoding = 4; lastKnownFileType = sourcecode.swift; path = CloneItemToWarehouse.swift; sourceTree = "<group>"; };
		372B45831F3D5B65001BD1C7 /* LocalCacheOfCloudKitTests.swift */ = {isa = PBXFileReference; fileEncoding = 4; lastKnownFileType = sourcecode.swift; path = LocalCacheOfCloudKitTests.swift; sourceTree = "<group>"; };
		372B45851F3F2C9C001BD1C7 /* CoreDataHelper.swift */ = {isa = PBXFileReference; fileEncoding = 4; lastKnownFileType = sourcecode.swift; path = CoreDataHelper.swift; sourceTree = "<group>"; };
		372B45881F3F6639001BD1C7 /* GroceryItem+CoreDataProperties.swift */ = {isa = PBXFileReference; fileEncoding = 4; lastKnownFileType = sourcecode.swift; path = "GroceryItem+CoreDataProperties.swift"; sourceTree = "<group>"; };
		3746AC431F23E46500D1B988 /* CoreDataStack.swift */ = {isa = PBXFileReference; fileEncoding = 4; lastKnownFileType = sourcecode.swift; path = CoreDataStack.swift; sourceTree = "<group>"; };
		3746AC471F24094500D1B988 /* AddNewItemView.swift */ = {isa = PBXFileReference; fileEncoding = 4; lastKnownFileType = sourcecode.swift; path = AddNewItemView.swift; sourceTree = "<group>"; };
		3746AC491F240B8400D1B988 /* Extensions.swift */ = {isa = PBXFileReference; fileEncoding = 4; lastKnownFileType = sourcecode.swift; path = Extensions.swift; sourceTree = "<group>"; };
		3746AC4B1F241DEE00D1B988 /* ShoppingListTableViewController.swift */ = {isa = PBXFileReference; fileEncoding = 4; lastKnownFileType = sourcecode.swift; path = ShoppingListTableViewController.swift; sourceTree = "<group>"; };
		3746AC4D1F242EC200D1B988 /* GroceryItemsTableViewController.swift */ = {isa = PBXFileReference; fileEncoding = 4; lastKnownFileType = sourcecode.swift; path = GroceryItemsTableViewController.swift; sourceTree = "<group>"; };
		3746AD2D1F292F0E00D1B988 /* TaskItemCell.swift */ = {isa = PBXFileReference; fileEncoding = 4; lastKnownFileType = sourcecode.swift; path = TaskItemCell.swift; sourceTree = "<group>"; };
		3746AD311F2987EB00D1B988 /* ItemDetailsTableViewController.swift */ = {isa = PBXFileReference; fileEncoding = 4; lastKnownFileType = sourcecode.swift; path = ItemDetailsTableViewController.swift; sourceTree = "<group>"; };
		37760C291F2F7AD300A3B586 /* iShoppingList.entitlements */ = {isa = PBXFileReference; lastKnownFileType = text.plist.entitlements; path = iShoppingList.entitlements; sourceTree = "<group>"; };
		37760C2A1F2F7AD600A3B586 /* CloudKit.framework */ = {isa = PBXFileReference; lastKnownFileType = wrapper.framework; name = CloudKit.framework; path = System/Library/Frameworks/CloudKit.framework; sourceTree = SDKROOT; };
		37760C2C1F2F7B6C00A3B586 /* CloudKitSyncTests.swift */ = {isa = PBXFileReference; fileEncoding = 4; lastKnownFileType = sourcecode.swift; path = CloudKitSyncTests.swift; sourceTree = "<group>"; };
		37760C2F1F2F7D2500A3B586 /* CloudKitService.swift */ = {isa = PBXFileReference; fileEncoding = 4; lastKnownFileType = sourcecode.swift; path = CloudKitService.swift; sourceTree = "<group>"; };
		37760C311F2FB61900A3B586 /* CloudKitUtil.swift */ = {isa = PBXFileReference; fileEncoding = 4; lastKnownFileType = sourcecode.swift; path = CloudKitUtil.swift; sourceTree = "<group>"; };
		37760C391F340F0F00A3B586 /* ChangeToken+CoreDataClass.swift */ = {isa = PBXFileReference; fileEncoding = 4; lastKnownFileType = sourcecode.swift; path = "ChangeToken+CoreDataClass.swift"; sourceTree = "<group>"; };
		37760C3A1F340F0F00A3B586 /* ChangeToken+CoreDataProperties.swift */ = {isa = PBXFileReference; fileEncoding = 4; lastKnownFileType = sourcecode.swift; path = "ChangeToken+CoreDataProperties.swift"; sourceTree = "<group>"; };
		3780F8481F34FD9B00FF4085 /* CloudKitHelpersScratchPad.swift */ = {isa = PBXFileReference; fileEncoding = 4; lastKnownFileType = sourcecode.swift; path = CloudKitHelpersScratchPad.swift; sourceTree = "<group>"; };
		378E974D1F23B2F900C526D9 /* iShoppingList.app */ = {isa = PBXFileReference; explicitFileType = wrapper.application; includeInIndex = 0; path = iShoppingList.app; sourceTree = BUILT_PRODUCTS_DIR; };
		378E97501F23B2F900C526D9 /* AppDelegate.swift */ = {isa = PBXFileReference; lastKnownFileType = sourcecode.swift; path = AppDelegate.swift; sourceTree = "<group>"; };
		378E97551F23B2F900C526D9 /* Base */ = {isa = PBXFileReference; lastKnownFileType = file.storyboard; name = Base; path = Base.lproj/Main.storyboard; sourceTree = "<group>"; };
		378E97581F23B2F900C526D9 /* iShoppingList.xcdatamodel */ = {isa = PBXFileReference; lastKnownFileType = wrapper.xcdatamodel; path = iShoppingList.xcdatamodel; sourceTree = "<group>"; };
		378E975A1F23B2F900C526D9 /* Assets.xcassets */ = {isa = PBXFileReference; lastKnownFileType = folder.assetcatalog; path = Assets.xcassets; sourceTree = "<group>"; };
		378E975D1F23B2F900C526D9 /* Base */ = {isa = PBXFileReference; lastKnownFileType = file.storyboard; name = Base; path = Base.lproj/LaunchScreen.storyboard; sourceTree = "<group>"; };
		378E975F1F23B2F900C526D9 /* Info.plist */ = {isa = PBXFileReference; lastKnownFileType = text.plist.xml; path = Info.plist; sourceTree = "<group>"; };
		378E97641F23B2F900C526D9 /* iShoppingListTests.xctest */ = {isa = PBXFileReference; explicitFileType = wrapper.cfbundle; includeInIndex = 0; path = iShoppingListTests.xctest; sourceTree = BUILT_PRODUCTS_DIR; };
		378E97681F23B2F900C526D9 /* iShoppingListTests.swift */ = {isa = PBXFileReference; lastKnownFileType = sourcecode.swift; path = iShoppingListTests.swift; sourceTree = "<group>"; };
		378E976A1F23B2F900C526D9 /* Info.plist */ = {isa = PBXFileReference; lastKnownFileType = text.plist.xml; path = Info.plist; sourceTree = "<group>"; };
		378E976F1F23B2F900C526D9 /* iShoppingListUITests.xctest */ = {isa = PBXFileReference; explicitFileType = wrapper.cfbundle; includeInIndex = 0; path = iShoppingListUITests.xctest; sourceTree = BUILT_PRODUCTS_DIR; };
		378E97731F23B2F900C526D9 /* iShoppingListUITests.swift */ = {isa = PBXFileReference; lastKnownFileType = sourcecode.swift; path = iShoppingListUITests.swift; sourceTree = "<group>"; };
		378E97751F23B2F900C526D9 /* Info.plist */ = {isa = PBXFileReference; lastKnownFileType = text.plist.xml; path = Info.plist; sourceTree = "<group>"; };
		378E97811F23B3AD00C526D9 /* ManagedObjectType.swift */ = {isa = PBXFileReference; fileEncoding = 4; lastKnownFileType = sourcecode.swift; path = ManagedObjectType.swift; sourceTree = "<group>"; };
		378E97831F23B47F00C526D9 /* TableViewDataSource.swift */ = {isa = PBXFileReference; fileEncoding = 4; lastKnownFileType = sourcecode.swift; path = TableViewDataSource.swift; sourceTree = "<group>"; };
		378E97851F23B54600C526D9 /* FetchedResultsProvider.swift */ = {isa = PBXFileReference; fileEncoding = 4; lastKnownFileType = sourcecode.swift; path = FetchedResultsProvider.swift; sourceTree = "<group>"; };
		378EE8A11F2CB819008F5669 /* ShoppingListCell.swift */ = {isa = PBXFileReference; fileEncoding = 4; lastKnownFileType = sourcecode.swift; path = ShoppingListCell.swift; sourceTree = "<group>"; };
/* End PBXFileReference section */

/* Begin PBXFrameworksBuildPhase section */
		378E974A1F23B2F900C526D9 /* Frameworks */ = {
			isa = PBXFrameworksBuildPhase;
			buildActionMask = 2147483647;
			files = (
				37760C2B1F2F7AD600A3B586 /* CloudKit.framework in Frameworks */,
			);
			runOnlyForDeploymentPostprocessing = 0;
		};
		378E97611F23B2F900C526D9 /* Frameworks */ = {
			isa = PBXFrameworksBuildPhase;
			buildActionMask = 2147483647;
			files = (
			);
			runOnlyForDeploymentPostprocessing = 0;
		};
		378E976C1F23B2F900C526D9 /* Frameworks */ = {
			isa = PBXFrameworksBuildPhase;
			buildActionMask = 2147483647;
			files = (
			);
			runOnlyForDeploymentPostprocessing = 0;
		};
/* End PBXFrameworksBuildPhase section */

/* Begin PBXGroup section */
		370E9ADC1F2B79BF008EF197 /* CoreData */ = {
			isa = PBXGroup;
			children = (
				378E97811F23B3AD00C526D9 /* ManagedObjectType.swift */,
				3746AC431F23E46500D1B988 /* CoreDataStack.swift */,
				370E9ADD1F2B7A70008EF197 /* CoreDataUtility.swift */,
				372B45851F3F2C9C001BD1C7 /* CoreDataHelper.swift */,
				378E97571F23B2F900C526D9 /* iShoppingList.xcdatamodeld */,
				37760C331F3082DF00A3B586 /* NSManagedObject Subclass */,
			);
			name = CoreData;
			sourceTree = "<group>";
		};
		375143161F2F47D700C6D93E /* Frameworks */ = {
			isa = PBXGroup;
			children = (
				37760C2A1F2F7AD600A3B586 /* CloudKit.framework */,
			);
			name = Frameworks;
			sourceTree = "<group>";
		};
		37760C2E1F2F7BE000A3B586 /* CloudKit */ = {
			isa = PBXGroup;
			children = (
				37760C2F1F2F7D2500A3B586 /* CloudKitService.swift */,
				37760C311F2FB61900A3B586 /* CloudKitUtil.swift */,
				3780F8481F34FD9B00FF4085 /* CloudKitHelpersScratchPad.swift */,
			);
			name = CloudKit;
			sourceTree = "<group>";
		};
		37760C331F3082DF00A3B586 /* NSManagedObject Subclass */ = {
			isa = PBXGroup;
			children = (
				372B45881F3F6639001BD1C7 /* GroceryItem+CoreDataProperties.swift */,
				37760C391F340F0F00A3B586 /* ChangeToken+CoreDataClass.swift */,
				37760C3A1F340F0F00A3B586 /* ChangeToken+CoreDataProperties.swift */,
				370E9AD01F2B786D008EF197 /* WarehouseGroceryItems+CoreDataClass.swift */,
				370E9AD11F2B786D008EF197 /* WarehouseGroceryItems+CoreDataProperties.swift */,
				370E9AD21F2B786D008EF197 /* GroceryItem+CoreDataClass.swift */,
				370E9AD41F2B786D008EF197 /* ShoppingList+CoreDataClass.swift */,
				370E9AD51F2B786D008EF197 /* ShoppingList+CoreDataProperties.swift */,
			);
			name = "NSManagedObject Subclass";
			sourceTree = "<group>";
		};
		37760C341F3215C300A3B586 /* ViewController */ = {
			isa = PBXGroup;
			children = (
				3746AC4B1F241DEE00D1B988 /* ShoppingListTableViewController.swift */,
				3746AC4D1F242EC200D1B988 /* GroceryItemsTableViewController.swift */,
				3746AD311F2987EB00D1B988 /* ItemDetailsTableViewController.swift */,
			);
			name = ViewController;
			sourceTree = "<group>";
		};
		37760C351F3215E200A3B586 /* View */ = {
			isa = PBXGroup;
			children = (
				370E9AB61F2AA8B1008EF197 /* FilterItemView.swift */,
				3746AC471F24094500D1B988 /* AddNewItemView.swift */,
			);
			name = View;
			sourceTree = "<group>";
		};
		37760C361F3215FC00A3B586 /* TableViewCell */ = {
			isa = PBXGroup;
			children = (
				378EE8A11F2CB819008F5669 /* ShoppingListCell.swift */,
				3746AD2D1F292F0E00D1B988 /* TaskItemCell.swift */,
			);
			name = TableViewCell;
			sourceTree = "<group>";
		};
		37760C371F3216A400A3B586 /* Helper */ = {
			isa = PBXGroup;
			children = (
				3746AC491F240B8400D1B988 /* Extensions.swift */,
				370E9AB81F2AB031008EF197 /* GlobalEnums_and_Struct.swift */,
				370E9ABA1F2AF204008EF197 /* RepeatedItemCoordinator.swift */,
				370E9ADF1F2B7C56008EF197 /* CloneItemToWarehouse.swift */,
			);
			name = Helper;
			sourceTree = "<group>";
		};
		37760C381F3216D300A3B586 /* TableViewControllerHelper */ = {
			isa = PBXGroup;
			children = (
				378E97831F23B47F00C526D9 /* TableViewDataSource.swift */,
				378E97851F23B54600C526D9 /* FetchedResultsProvider.swift */,
			);
			name = TableViewControllerHelper;
			sourceTree = "<group>";
		};
		378E97441F23B2F900C526D9 = {
			isa = PBXGroup;
			children = (
				378E974F1F23B2F900C526D9 /* iShoppingList */,
				378E97671F23B2F900C526D9 /* iShoppingListTests */,
				378E97721F23B2F900C526D9 /* iShoppingListUITests */,
				378E974E1F23B2F900C526D9 /* Products */,
				375143161F2F47D700C6D93E /* Frameworks */,
			);
			sourceTree = "<group>";
		};
		378E974E1F23B2F900C526D9 /* Products */ = {
			isa = PBXGroup;
			children = (
				378E974D1F23B2F900C526D9 /* iShoppingList.app */,
				378E97641F23B2F900C526D9 /* iShoppingListTests.xctest */,
				378E976F1F23B2F900C526D9 /* iShoppingListUITests.xctest */,
			);
			name = Products;
			sourceTree = "<group>";
		};
		378E974F1F23B2F900C526D9 /* iShoppingList */ = {
			isa = PBXGroup;
			children = (
				370E9ADC1F2B79BF008EF197 /* CoreData */,
				37760C2E1F2F7BE000A3B586 /* CloudKit */,
				37760C371F3216A400A3B586 /* Helper */,
				37760C361F3215FC00A3B586 /* TableViewCell */,
				37760C381F3216D300A3B586 /* TableViewControllerHelper */,
				37760C351F3215E200A3B586 /* View */,
				37760C341F3215C300A3B586 /* ViewController */,
				37760C291F2F7AD300A3B586 /* iShoppingList.entitlements */,
				378E97501F23B2F900C526D9 /* AppDelegate.swift */,
				378E97541F23B2F900C526D9 /* Main.storyboard */,
				378E975A1F23B2F900C526D9 /* Assets.xcassets */,
				378E975C1F23B2F900C526D9 /* LaunchScreen.storyboard */,
				378E975F1F23B2F900C526D9 /* Info.plist */,
			);
			path = iShoppingList;
			sourceTree = "<group>";
		};
		378E97671F23B2F900C526D9 /* iShoppingListTests */ = {
			isa = PBXGroup;
			children = (
				378E97681F23B2F900C526D9 /* iShoppingListTests.swift */,
				378E976A1F23B2F900C526D9 /* Info.plist */,
				37760C2C1F2F7B6C00A3B586 /* CloudKitSyncTests.swift */,
				372B45831F3D5B65001BD1C7 /* LocalCacheOfCloudKitTests.swift */,
			);
			path = iShoppingListTests;
			sourceTree = "<group>";
		};
		378E97721F23B2F900C526D9 /* iShoppingListUITests */ = {
			isa = PBXGroup;
			children = (
				378E97731F23B2F900C526D9 /* iShoppingListUITests.swift */,
				378E97751F23B2F900C526D9 /* Info.plist */,
			);
			path = iShoppingListUITests;
			sourceTree = "<group>";
		};
/* End PBXGroup section */

/* Begin PBXNativeTarget section */
		378E974C1F23B2F900C526D9 /* iShoppingList */ = {
			isa = PBXNativeTarget;
			buildConfigurationList = 378E97781F23B2F900C526D9 /* Build configuration list for PBXNativeTarget "iShoppingList" */;
			buildPhases = (
				378E97491F23B2F900C526D9 /* Sources */,
				378E974A1F23B2F900C526D9 /* Frameworks */,
				378E974B1F23B2F900C526D9 /* Resources */,
			);
			buildRules = (
			);
			dependencies = (
			);
			name = iShoppingList;
			productName = iShoppingList;
			productReference = 378E974D1F23B2F900C526D9 /* iShoppingList.app */;
			productType = "com.apple.product-type.application";
		};
		378E97631F23B2F900C526D9 /* iShoppingListTests */ = {
			isa = PBXNativeTarget;
			buildConfigurationList = 378E977B1F23B2F900C526D9 /* Build configuration list for PBXNativeTarget "iShoppingListTests" */;
			buildPhases = (
				378E97601F23B2F900C526D9 /* Sources */,
				378E97611F23B2F900C526D9 /* Frameworks */,
				378E97621F23B2F900C526D9 /* Resources */,
				3751431B1F2F481C00C6D93E /* CopyFiles */,
			);
			buildRules = (
			);
			dependencies = (
				378E97661F23B2F900C526D9 /* PBXTargetDependency */,
			);
			name = iShoppingListTests;
			productName = iShoppingListTests;
			productReference = 378E97641F23B2F900C526D9 /* iShoppingListTests.xctest */;
			productType = "com.apple.product-type.bundle.unit-test";
		};
		378E976E1F23B2F900C526D9 /* iShoppingListUITests */ = {
			isa = PBXNativeTarget;
			buildConfigurationList = 378E977E1F23B2F900C526D9 /* Build configuration list for PBXNativeTarget "iShoppingListUITests" */;
			buildPhases = (
				378E976B1F23B2F900C526D9 /* Sources */,
				378E976C1F23B2F900C526D9 /* Frameworks */,
				378E976D1F23B2F900C526D9 /* Resources */,
			);
			buildRules = (
			);
			dependencies = (
				378E97711F23B2F900C526D9 /* PBXTargetDependency */,
			);
			name = iShoppingListUITests;
			productName = iShoppingListUITests;
			productReference = 378E976F1F23B2F900C526D9 /* iShoppingListUITests.xctest */;
			productType = "com.apple.product-type.bundle.ui-testing";
		};
/* End PBXNativeTarget section */

/* Begin PBXProject section */
		378E97451F23B2F900C526D9 /* Project object */ = {
			isa = PBXProject;
			attributes = {
				LastSwiftUpdateCheck = 0830;
				LastUpgradeCheck = 0830;
				ORGANIZATIONNAME = iShinobi;
				TargetAttributes = {
					378E974C1F23B2F900C526D9 = {
						CreatedOnToolsVersion = 8.3.3;
						DevelopmentTeam = WZFHSP6QD4;
						ProvisioningStyle = Automatic;
						SystemCapabilities = {
							com.apple.BackgroundModes = {
								enabled = 1;
							};
							com.apple.Push = {
								enabled = 1;
							};
							com.apple.iCloud = {
								enabled = 1;
							};
						};
					};
					378E97631F23B2F900C526D9 = {
						CreatedOnToolsVersion = 8.3.3;
						DevelopmentTeam = WZFHSP6QD4;
						ProvisioningStyle = Automatic;
						TestTargetID = 378E974C1F23B2F900C526D9;
					};
					378E976E1F23B2F900C526D9 = {
						CreatedOnToolsVersion = 8.3.3;
						DevelopmentTeam = WZFHSP6QD4;
						ProvisioningStyle = Automatic;
						TestTargetID = 378E974C1F23B2F900C526D9;
					};
				};
			};
			buildConfigurationList = 378E97481F23B2F900C526D9 /* Build configuration list for PBXProject "iShoppingList" */;
			compatibilityVersion = "Xcode 3.2";
			developmentRegion = English;
			hasScannedForEncodings = 0;
			knownRegions = (
				en,
				Base,
			);
			mainGroup = 378E97441F23B2F900C526D9;
			productRefGroup = 378E974E1F23B2F900C526D9 /* Products */;
			projectDirPath = "";
			projectRoot = "";
			targets = (
				378E974C1F23B2F900C526D9 /* iShoppingList */,
				378E97631F23B2F900C526D9 /* iShoppingListTests */,
				378E976E1F23B2F900C526D9 /* iShoppingListUITests */,
			);
		};
/* End PBXProject section */

/* Begin PBXResourcesBuildPhase section */
		378E974B1F23B2F900C526D9 /* Resources */ = {
			isa = PBXResourcesBuildPhase;
			buildActionMask = 2147483647;
			files = (
				378E975E1F23B2F900C526D9 /* LaunchScreen.storyboard in Resources */,
				378E975B1F23B2F900C526D9 /* Assets.xcassets in Resources */,
				378E97561F23B2F900C526D9 /* Main.storyboard in Resources */,
			);
			runOnlyForDeploymentPostprocessing = 0;
		};
		378E97621F23B2F900C526D9 /* Resources */ = {
			isa = PBXResourcesBuildPhase;
			buildActionMask = 2147483647;
			files = (
			);
			runOnlyForDeploymentPostprocessing = 0;
		};
		378E976D1F23B2F900C526D9 /* Resources */ = {
			isa = PBXResourcesBuildPhase;
			buildActionMask = 2147483647;
			files = (
			);
			runOnlyForDeploymentPostprocessing = 0;
		};
/* End PBXResourcesBuildPhase section */

/* Begin PBXSourcesBuildPhase section */
		378E97491F23B2F900C526D9 /* Sources */ = {
			isa = PBXSourcesBuildPhase;
			buildActionMask = 2147483647;
			files = (
				372B45861F3F2C9C001BD1C7 /* CoreDataHelper.swift in Sources */,
				370E9AD61F2B786D008EF197 /* WarehouseGroceryItems+CoreDataClass.swift in Sources */,
				3746AC441F23E46500D1B988 /* CoreDataStack.swift in Sources */,
				372B458A1F3F6639001BD1C7 /* GroceryItem+CoreDataProperties.swift in Sources */,
				370E9AB71F2AA8B1008EF197 /* FilterItemView.swift in Sources */,
				3746AC4A1F240B8400D1B988 /* Extensions.swift in Sources */,
				370E9AD71F2B786D008EF197 /* WarehouseGroceryItems+CoreDataProperties.swift in Sources */,
				370E9ADA1F2B786D008EF197 /* ShoppingList+CoreDataClass.swift in Sources */,
				37760C301F2F7D2500A3B586 /* CloudKitService.swift in Sources */,
				370E9ADE1F2B7A70008EF197 /* CoreDataUtility.swift in Sources */,
				3780F8491F34FD9B00FF4085 /* CloudKitHelpersScratchPad.swift in Sources */,
				3746AD321F2987EB00D1B988 /* ItemDetailsTableViewController.swift in Sources */,
				378E97821F23B3AD00C526D9 /* ManagedObjectType.swift in Sources */,
				370E9AB91F2AB031008EF197 /* GlobalEnums_and_Struct.swift in Sources */,
				378E97841F23B47F00C526D9 /* TableViewDataSource.swift in Sources */,
				3746AC4E1F242EC200D1B988 /* GroceryItemsTableViewController.swift in Sources */,
				3746AC4C1F241DEE00D1B988 /* ShoppingListTableViewController.swift in Sources */,
				378EE8A21F2CB819008F5669 /* ShoppingListCell.swift in Sources */,
				3746AC481F24094500D1B988 /* AddNewItemView.swift in Sources */,
				37760C3B1F340F0F00A3B586 /* ChangeToken+CoreDataClass.swift in Sources */,
				378E97861F23B54600C526D9 /* FetchedResultsProvider.swift in Sources */,
				378E97591F23B2F900C526D9 /* iShoppingList.xcdatamodeld in Sources */,
				370E9AD81F2B786D008EF197 /* GroceryItem+CoreDataClass.swift in Sources */,
				37760C321F2FB61900A3B586 /* CloudKitUtil.swift in Sources */,
				370E9AE01F2B7C56008EF197 /* CloneItemToWarehouse.swift in Sources */,
				378E97511F23B2F900C526D9 /* AppDelegate.swift in Sources */,
				370E9ADB1F2B786D008EF197 /* ShoppingList+CoreDataProperties.swift in Sources */,
				37760C3C1F340F0F00A3B586 /* ChangeToken+CoreDataProperties.swift in Sources */,
				370E9ABB1F2AF204008EF197 /* RepeatedItemCoordinator.swift in Sources */,
				3746AD2E1F292F0E00D1B988 /* TaskItemCell.swift in Sources */,
			);
			runOnlyForDeploymentPostprocessing = 0;
		};
		378E97601F23B2F900C526D9 /* Sources */ = {
			isa = PBXSourcesBuildPhase;
			buildActionMask = 2147483647;
			files = (
				378E97691F23B2F900C526D9 /* iShoppingListTests.swift in Sources */,
				372B45841F3D5B65001BD1C7 /* LocalCacheOfCloudKitTests.swift in Sources */,
				37760C2D1F2F7B6C00A3B586 /* CloudKitSyncTests.swift in Sources */,
			);
			runOnlyForDeploymentPostprocessing = 0;
		};
		378E976B1F23B2F900C526D9 /* Sources */ = {
			isa = PBXSourcesBuildPhase;
			buildActionMask = 2147483647;
			files = (
				378E97741F23B2F900C526D9 /* iShoppingListUITests.swift in Sources */,
			);
			runOnlyForDeploymentPostprocessing = 0;
		};
/* End PBXSourcesBuildPhase section */

/* Begin PBXTargetDependency section */
		378E97661F23B2F900C526D9 /* PBXTargetDependency */ = {
			isa = PBXTargetDependency;
			target = 378E974C1F23B2F900C526D9 /* iShoppingList */;
			targetProxy = 378E97651F23B2F900C526D9 /* PBXContainerItemProxy */;
		};
		378E97711F23B2F900C526D9 /* PBXTargetDependency */ = {
			isa = PBXTargetDependency;
			target = 378E974C1F23B2F900C526D9 /* iShoppingList */;
			targetProxy = 378E97701F23B2F900C526D9 /* PBXContainerItemProxy */;
		};
/* End PBXTargetDependency section */

/* Begin PBXVariantGroup section */
		378E97541F23B2F900C526D9 /* Main.storyboard */ = {
			isa = PBXVariantGroup;
			children = (
				378E97551F23B2F900C526D9 /* Base */,
			);
			name = Main.storyboard;
			sourceTree = "<group>";
		};
		378E975C1F23B2F900C526D9 /* LaunchScreen.storyboard */ = {
			isa = PBXVariantGroup;
			children = (
				378E975D1F23B2F900C526D9 /* Base */,
			);
			name = LaunchScreen.storyboard;
			sourceTree = "<group>";
		};
/* End PBXVariantGroup section */

/* Begin XCBuildConfiguration section */
		378E97761F23B2F900C526D9 /* Debug */ = {
			isa = XCBuildConfiguration;
			buildSettings = {
				ALWAYS_SEARCH_USER_PATHS = NO;
				CLANG_ANALYZER_NONNULL = YES;
				CLANG_ANALYZER_NUMBER_OBJECT_CONVERSION = YES_AGGRESSIVE;
				CLANG_CXX_LANGUAGE_STANDARD = "gnu++0x";
				CLANG_CXX_LIBRARY = "libc++";
				CLANG_ENABLE_MODULES = YES;
				CLANG_ENABLE_OBJC_ARC = YES;
				CLANG_WARN_BOOL_CONVERSION = YES;
				CLANG_WARN_CONSTANT_CONVERSION = YES;
				CLANG_WARN_DIRECT_OBJC_ISA_USAGE = YES_ERROR;
				CLANG_WARN_DOCUMENTATION_COMMENTS = YES;
				CLANG_WARN_EMPTY_BODY = YES;
				CLANG_WARN_ENUM_CONVERSION = YES;
				CLANG_WARN_INFINITE_RECURSION = YES;
				CLANG_WARN_INT_CONVERSION = YES;
				CLANG_WARN_OBJC_ROOT_CLASS = YES_ERROR;
				CLANG_WARN_SUSPICIOUS_MOVE = YES;
				CLANG_WARN_UNREACHABLE_CODE = YES;
				CLANG_WARN__DUPLICATE_METHOD_MATCH = YES;
				"CODE_SIGN_IDENTITY[sdk=iphoneos*]" = "iPhone Developer";
				COPY_PHASE_STRIP = NO;
				DEBUG_INFORMATION_FORMAT = dwarf;
				ENABLE_STRICT_OBJC_MSGSEND = YES;
				ENABLE_TESTABILITY = YES;
				GCC_C_LANGUAGE_STANDARD = gnu99;
				GCC_DYNAMIC_NO_PIC = NO;
				GCC_NO_COMMON_BLOCKS = YES;
				GCC_OPTIMIZATION_LEVEL = 0;
				GCC_PREPROCESSOR_DEFINITIONS = (
					"DEBUG=1",
					"$(inherited)",
				);
				GCC_WARN_64_TO_32_BIT_CONVERSION = YES;
				GCC_WARN_ABOUT_RETURN_TYPE = YES_ERROR;
				GCC_WARN_UNDECLARED_SELECTOR = YES;
				GCC_WARN_UNINITIALIZED_AUTOS = YES_AGGRESSIVE;
				GCC_WARN_UNUSED_FUNCTION = YES;
				GCC_WARN_UNUSED_VARIABLE = YES;
				IPHONEOS_DEPLOYMENT_TARGET = 10.3;
				MTL_ENABLE_DEBUG_INFO = YES;
				ONLY_ACTIVE_ARCH = YES;
				SDKROOT = iphoneos;
				SWIFT_ACTIVE_COMPILATION_CONDITIONS = DEBUG;
				SWIFT_OPTIMIZATION_LEVEL = "-Onone";
				TARGETED_DEVICE_FAMILY = "1,2";
			};
			name = Debug;
		};
		378E97771F23B2F900C526D9 /* Release */ = {
			isa = XCBuildConfiguration;
			buildSettings = {
				ALWAYS_SEARCH_USER_PATHS = NO;
				CLANG_ANALYZER_NONNULL = YES;
				CLANG_ANALYZER_NUMBER_OBJECT_CONVERSION = YES_AGGRESSIVE;
				CLANG_CXX_LANGUAGE_STANDARD = "gnu++0x";
				CLANG_CXX_LIBRARY = "libc++";
				CLANG_ENABLE_MODULES = YES;
				CLANG_ENABLE_OBJC_ARC = YES;
				CLANG_WARN_BOOL_CONVERSION = YES;
				CLANG_WARN_CONSTANT_CONVERSION = YES;
				CLANG_WARN_DIRECT_OBJC_ISA_USAGE = YES_ERROR;
				CLANG_WARN_DOCUMENTATION_COMMENTS = YES;
				CLANG_WARN_EMPTY_BODY = YES;
				CLANG_WARN_ENUM_CONVERSION = YES;
				CLANG_WARN_INFINITE_RECURSION = YES;
				CLANG_WARN_INT_CONVERSION = YES;
				CLANG_WARN_OBJC_ROOT_CLASS = YES_ERROR;
				CLANG_WARN_SUSPICIOUS_MOVE = YES;
				CLANG_WARN_UNREACHABLE_CODE = YES;
				CLANG_WARN__DUPLICATE_METHOD_MATCH = YES;
				"CODE_SIGN_IDENTITY[sdk=iphoneos*]" = "iPhone Developer";
				COPY_PHASE_STRIP = NO;
				DEBUG_INFORMATION_FORMAT = "dwarf-with-dsym";
				ENABLE_NS_ASSERTIONS = NO;
				ENABLE_STRICT_OBJC_MSGSEND = YES;
				GCC_C_LANGUAGE_STANDARD = gnu99;
				GCC_NO_COMMON_BLOCKS = YES;
				GCC_WARN_64_TO_32_BIT_CONVERSION = YES;
				GCC_WARN_ABOUT_RETURN_TYPE = YES_ERROR;
				GCC_WARN_UNDECLARED_SELECTOR = YES;
				GCC_WARN_UNINITIALIZED_AUTOS = YES_AGGRESSIVE;
				GCC_WARN_UNUSED_FUNCTION = YES;
				GCC_WARN_UNUSED_VARIABLE = YES;
				IPHONEOS_DEPLOYMENT_TARGET = 10.3;
				MTL_ENABLE_DEBUG_INFO = NO;
				SDKROOT = iphoneos;
				SWIFT_OPTIMIZATION_LEVEL = "-Owholemodule";
				TARGETED_DEVICE_FAMILY = "1,2";
				VALIDATE_PRODUCT = YES;
			};
			name = Release;
		};
		378E97791F23B2F900C526D9 /* Debug */ = {
			isa = XCBuildConfiguration;
			buildSettings = {
				ASSETCATALOG_COMPILER_APPICON_NAME = AppIcon;
				CODE_SIGN_ENTITLEMENTS = iShoppingList/iShoppingList.entitlements;
				DEFINES_MODULE = YES;
				DEVELOPMENT_TEAM = WZFHSP6QD4;
				INFOPLIST_FILE = iShoppingList/Info.plist;
				LD_RUNPATH_SEARCH_PATHS = "$(inherited) @executable_path/Frameworks";
				PRODUCT_BUNDLE_IDENTIFIER = ninja.pragprog.iShoppingList;
				PRODUCT_NAME = "$(TARGET_NAME)";
				SWIFT_VERSION = 3.0;
			};
			name = Debug;
		};
		378E977A1F23B2F900C526D9 /* Release */ = {
			isa = XCBuildConfiguration;
			buildSettings = {
				ASSETCATALOG_COMPILER_APPICON_NAME = AppIcon;
				CODE_SIGN_ENTITLEMENTS = iShoppingList/iShoppingList.entitlements;
				DEFINES_MODULE = YES;
				DEVELOPMENT_TEAM = WZFHSP6QD4;
				INFOPLIST_FILE = iShoppingList/Info.plist;
				LD_RUNPATH_SEARCH_PATHS = "$(inherited) @executable_path/Frameworks";
				PRODUCT_BUNDLE_IDENTIFIER = ninja.pragprog.iShoppingList;
				PRODUCT_NAME = "$(TARGET_NAME)";
				SWIFT_VERSION = 3.0;
			};
			name = Release;
		};
		378E977C1F23B2F900C526D9 /* Debug */ = {
			isa = XCBuildConfiguration;
			buildSettings = {
				ALWAYS_EMBED_SWIFT_STANDARD_LIBRARIES = YES;
				BUNDLE_LOADER = "$(TEST_HOST)";
				DEVELOPMENT_TEAM = WZFHSP6QD4;
				"FRAMEWORK_SEARCH_PATHS[arch=*]" = "$(SRCROOT)/**";
				INFOPLIST_FILE = iShoppingListTests/Info.plist;
				LD_RUNPATH_SEARCH_PATHS = "$(inherited) @executable_path/Frameworks @loader_path/Frameworks";
				PRODUCT_BUNDLE_IDENTIFIER = ninja.pragprog.iShoppingListTests;
				PRODUCT_NAME = "$(TARGET_NAME)";
				SWIFT_VERSION = 3.0;
				TEST_HOST = "$(BUILT_PRODUCTS_DIR)/iShoppingList.app/iShoppingList";
			};
			name = Debug;
		};
		378E977D1F23B2F900C526D9 /* Release */ = {
			isa = XCBuildConfiguration;
			buildSettings = {
				ALWAYS_EMBED_SWIFT_STANDARD_LIBRARIES = YES;
				BUNDLE_LOADER = "$(TEST_HOST)";
				DEVELOPMENT_TEAM = WZFHSP6QD4;
				INFOPLIST_FILE = iShoppingListTests/Info.plist;
				LD_RUNPATH_SEARCH_PATHS = "$(inherited) @executable_path/Frameworks @loader_path/Frameworks";
				PRODUCT_BUNDLE_IDENTIFIER = ninja.pragprog.iShoppingListTests;
				PRODUCT_NAME = "$(TARGET_NAME)";
				SWIFT_VERSION = 3.0;
				TEST_HOST = "$(BUILT_PRODUCTS_DIR)/iShoppingList.app/iShoppingList";
			};
			name = Release;
		};
		378E977F1F23B2F900C526D9 /* Debug */ = {
			isa = XCBuildConfiguration;
			buildSettings = {
				ALWAYS_EMBED_SWIFT_STANDARD_LIBRARIES = YES;
				DEVELOPMENT_TEAM = WZFHSP6QD4;
				INFOPLIST_FILE = iShoppingListUITests/Info.plist;
				LD_RUNPATH_SEARCH_PATHS = "$(inherited) @executable_path/Frameworks @loader_path/Frameworks";
				PRODUCT_BUNDLE_IDENTIFIER = ninja.pragprog.iShoppingListUITests;
				PRODUCT_NAME = "$(TARGET_NAME)";
				SWIFT_VERSION = 3.0;
				TEST_TARGET_NAME = iShoppingList;
			};
			name = Debug;
		};
		378E97801F23B2F900C526D9 /* Release */ = {
			isa = XCBuildConfiguration;
			buildSettings = {
				ALWAYS_EMBED_SWIFT_STANDARD_LIBRARIES = YES;
				DEVELOPMENT_TEAM = WZFHSP6QD4;
				INFOPLIST_FILE = iShoppingListUITests/Info.plist;
				LD_RUNPATH_SEARCH_PATHS = "$(inherited) @executable_path/Frameworks @loader_path/Frameworks";
				PRODUCT_BUNDLE_IDENTIFIER = ninja.pragprog.iShoppingListUITests;
				PRODUCT_NAME = "$(TARGET_NAME)";
				SWIFT_VERSION = 3.0;
				TEST_TARGET_NAME = iShoppingList;
			};
			name = Release;
		};
/* End XCBuildConfiguration section */

/* Begin XCConfigurationList section */
		378E97481F23B2F900C526D9 /* Build configuration list for PBXProject "iShoppingList" */ = {
			isa = XCConfigurationList;
			buildConfigurations = (
				378E97761F23B2F900C526D9 /* Debug */,
				378E97771F23B2F900C526D9 /* Release */,
			);
			defaultConfigurationIsVisible = 0;
			defaultConfigurationName = Release;
		};
		378E97781F23B2F900C526D9 /* Build configuration list for PBXNativeTarget "iShoppingList" */ = {
			isa = XCConfigurationList;
			buildConfigurations = (
				378E97791F23B2F900C526D9 /* Debug */,
				378E977A1F23B2F900C526D9 /* Release */,
			);
			defaultConfigurationIsVisible = 0;
			defaultConfigurationName = Release;
		};
		378E977B1F23B2F900C526D9 /* Build configuration list for PBXNativeTarget "iShoppingListTests" */ = {
			isa = XCConfigurationList;
			buildConfigurations = (
				378E977C1F23B2F900C526D9 /* Debug */,
				378E977D1F23B2F900C526D9 /* Release */,
			);
			defaultConfigurationIsVisible = 0;
			defaultConfigurationName = Release;
		};
		378E977E1F23B2F900C526D9 /* Build configuration list for PBXNativeTarget "iShoppingListUITests" */ = {
			isa = XCConfigurationList;
			buildConfigurations = (
				378E977F1F23B2F900C526D9 /* Debug */,
				378E97801F23B2F900C526D9 /* Release */,
			);
			defaultConfigurationIsVisible = 0;
			defaultConfigurationName = Release;
		};
/* End XCConfigurationList section */

/* Begin XCVersionGroup section */
		378E97571F23B2F900C526D9 /* iShoppingList.xcdatamodeld */ = {
			isa = XCVersionGroup;
			children = (
				378E97581F23B2F900C526D9 /* iShoppingList.xcdatamodel */,
			);
			currentVersion = 378E97581F23B2F900C526D9 /* iShoppingList.xcdatamodel */;
			path = iShoppingList.xcdatamodeld;
			sourceTree = "<group>";
			versionGroupType = wrapper.xcdatamodel;
		};
/* End XCVersionGroup section */
	};
	rootObject = 378E97451F23B2F900C526D9 /* Project object */;
}
